
Microsoft Visual Studio Solution File, Format Version 12.00
# Visual Studio 15
VisualStudioVersion = 15.0.26124.0
MinimumVisualStudioVersion = 15.0.26124.0
Project("{2150E333-8FDC-42A3-9474-1A3956D46DE8}") = "src", "src", "{43B92DE1-D05A-4DDD-8FCC-285A679192A0}"
EndProject
Project("{FAE04EC0-301F-11D3-BF4B-00C04F79EFBC}") = "Fisher.App", "src\Fisher.App\Fisher.App.csproj", "{2660AE0A-5A51-4202-8B0C-E8FBE71F37B0}"
EndProject
Project("{F2A71F9B-5D33-465A-A702-920D77279786}") = "Fisher.Common", "src\Fisher.Common\Fisher.Common.fsproj", "{8D6DB785-0014-40A0-B36E-EF3AE771A338}"
EndProject
Global
	GlobalSection(SolutionConfigurationPlatforms) = preSolution
		Debug|Any CPU = Debug|Any CPU
		Debug|x64 = Debug|x64
		Debug|x86 = Debug|x86
		Release|Any CPU = Release|Any CPU
		Release|x64 = Release|x64
		Release|x86 = Release|x86
	EndGlobalSection
	GlobalSection(SolutionProperties) = preSolution
		HideSolutionNode = FALSE
	EndGlobalSection
	GlobalSection(ProjectConfigurationPlatforms) = postSolution
		{2660AE0A-5A51-4202-8B0C-E8FBE71F37B0}.Debug|Any CPU.ActiveCfg = Debug|Any CPU
		{2660AE0A-5A51-4202-8B0C-E8FBE71F37B0}.Debug|Any CPU.Build.0 = Debug|Any CPU
		{2660AE0A-5A51-4202-8B0C-E8FBE71F37B0}.Debug|x64.ActiveCfg = Debug|Any CPU
		{2660AE0A-5A51-4202-8B0C-E8FBE71F37B0}.Debug|x64.Build.0 = Debug|Any CPU
		{2660AE0A-5A51-4202-8B0C-E8FBE71F37B0}.Debug|x86.ActiveCfg = Debug|Any CPU
		{2660AE0A-5A51-4202-8B0C-E8FBE71F37B0}.Debug|x86.Build.0 = Debug|Any CPU
		{2660AE0A-5A51-4202-8B0C-E8FBE71F37B0}.Release|Any CPU.ActiveCfg = Release|Any CPU
		{2660AE0A-5A51-4202-8B0C-E8FBE71F37B0}.Release|Any CPU.Build.0 = Release|Any CPU
		{2660AE0A-5A51-4202-8B0C-E8FBE71F37B0}.Release|x64.ActiveCfg = Release|Any CPU
		{2660AE0A-5A51-4202-8B0C-E8FBE71F37B0}.Release|x64.Build.0 = Release|Any CPU
		{2660AE0A-5A51-4202-8B0C-E8FBE71F37B0}.Release|x86.ActiveCfg = Release|Any CPU
		{2660AE0A-5A51-4202-8B0C-E8FBE71F37B0}.Release|x86.Build.0 = Release|Any CPU
		{8D6DB785-0014-40A0-B36E-EF3AE771A338}.Debug|Any CPU.ActiveCfg = Debug|Any CPU
		{8D6DB785-0014-40A0-B36E-EF3AE771A338}.Debug|Any CPU.Build.0 = Debug|Any CPU
		{8D6DB785-0014-40A0-B36E-EF3AE771A338}.Debug|x64.ActiveCfg = Debug|Any CPU
		{8D6DB785-0014-40A0-B36E-EF3AE771A338}.Debug|x64.Build.0 = Debug|Any CPU
		{8D6DB785-0014-40A0-B36E-EF3AE771A338}.Debug|x86.ActiveCfg = Debug|Any CPU
		{8D6DB785-0014-40A0-B36E-EF3AE771A338}.Debug|x86.Build.0 = Debug|Any CPU
		{8D6DB785-0014-40A0-B36E-EF3AE771A338}.Release|Any CPU.ActiveCfg = Release|Any CPU
		{8D6DB785-0014-40A0-B36E-EF3AE771A338}.Release|Any CPU.Build.0 = Release|Any CPU
		{8D6DB785-0014-40A0-B36E-EF3AE771A338}.Release|x64.ActiveCfg = Release|Any CPU
		{8D6DB785-0014-40A0-B36E-EF3AE771A338}.Release|x64.Build.0 = Release|Any CPU
		{8D6DB785-0014-40A0-B36E-EF3AE771A338}.Release|x86.ActiveCfg = Release|Any CPU
		{8D6DB785-0014-40A0-B36E-EF3AE771A338}.Release|x86.Build.0 = Release|Any CPU
	EndGlobalSection
	GlobalSection(NestedProjects) = preSolution
		{2660AE0A-5A51-4202-8B0C-E8FBE71F37B0} = {43B92DE1-D05A-4DDD-8FCC-285A679192A0}
		{8D6DB785-0014-40A0-B36E-EF3AE771A338} = {43B92DE1-D05A-4DDD-8FCC-285A679192A0}
	EndGlobalSection
EndGlobal
